
Microsoft Visual Studio Solution File, Format Version 12.00
# Visual Studio Version 17
VisualStudioVersion = 17.8.34525.116
MinimumVisualStudioVersion = 10.0.40219.1
Project("{FAE04EC0-301F-11D3-BF4B-00C04F79EFBC}") = "Project.MVCUI", "Project.MVCUI\Project.MVCUI.csproj", "{0710B532-BFB6-48FB-B463-0AD64A84B7B3}"
EndProject
Global
	GlobalSection(SolutionConfigurationPlatforms) = preSolution
		Debug|Any CPU = Debug|Any CPU
		Release|Any CPU = Release|Any CPU
	EndGlobalSection
	GlobalSection(ProjectConfigurationPlatforms) = postSolution
		{0710B532-BFB6-48FB-B463-0AD64A84B7B3}.Debug|Any CPU.ActiveCfg = Debug|Any CPU
		{0710B532-BFB6-48FB-B463-0AD64A84B7B3}.Debug|Any CPU.Build.0 = Debug|Any CPU
		{0710B532-BFB6-48FB-B463-0AD64A84B7B3}.Release|Any CPU.ActiveCfg = Release|Any CPU
		{0710B532-BFB6-48FB-B463-0AD64A84B7B3}.Release|Any CPU.Build.0 = Release|Any CPU
	EndGlobalSection
	GlobalSection(SolutionProperties) = preSolution
		HideSolutionNode = FALSE
	EndGlobalSection
	GlobalSection(ExtensibilityGlobals) = postSolution
		SolutionGuid = {489ECC7E-2328-4F6A-B001-F4BD2889931E}
	EndGlobalSection
EndGlobal
